
Microsoft Visual Studio Solution File, Format Version 12.00
# Visual Studio Version 17
VisualStudioVersion = 17.2.32526.322
MinimumVisualStudioVersion = 10.0.40219.1
Project("{9A19103F-16F7-4668-BE54-9A1E7A4F7556}") = "Velvetech.Domain", "Domain\Velvetech.Domain.csproj", "{FE8E0028-C4BD-47A4-B75D-A6DE816E4A8D}"
EndProject
Project("{9A19103F-16F7-4668-BE54-9A1E7A4F7556}") = "Velvetech.Data", "Data\Velvetech.Data.csproj", "{EBA2FE71-E93D-4DEC-84B2-A033F4277F54}"
EndProject
Project("{9A19103F-16F7-4668-BE54-9A1E7A4F7556}") = "Velvetech.UnitTests", "UnitTests\Velvetech.UnitTests.csproj", "{A1459A24-02DB-42C5-B1D9-6D012CD43997}"
EndProject
Project("{9A19103F-16F7-4668-BE54-9A1E7A4F7556}") = "Velvetech.Api", "Api\Velvetech.Api.csproj", "{72E9FB55-AB39-4B87-A79E-A309A65A9E41}"
EndProject
Project("{9A19103F-16F7-4668-BE54-9A1E7A4F7556}") = "Velvetech.Web", "Web\Velvetech.Web.csproj", "{F4E67392-DFBB-4DC7-A58B-1EAD64FC92C8}"
	ProjectSection(ProjectDependencies) = postProject
		{72E9FB55-AB39-4B87-A79E-A309A65A9E41} = {72E9FB55-AB39-4B87-A79E-A309A65A9E41}
	EndProjectSection
EndProject
Project("{9A19103F-16F7-4668-BE54-9A1E7A4F7556}") = "Velvetech.Shared", "Shared\Velvetech.Shared.csproj", "{D6B6D383-069B-4C75-9BF2-A93B7F71C002}"
EndProject
Project("{E53339B2-1760-4266-BCC7-CA923CBCF16C}") = "docker-compose", "docker-compose.dcproj", "{A675A8EA-AA96-4E76-800A-BBB3B9C4250F}"
EndProject
Global
	GlobalSection(SolutionConfigurationPlatforms) = preSolution
		Debug|Any CPU = Debug|Any CPU
		Release|Any CPU = Release|Any CPU
	EndGlobalSection
	GlobalSection(ProjectConfigurationPlatforms) = postSolution
		{FE8E0028-C4BD-47A4-B75D-A6DE816E4A8D}.Debug|Any CPU.ActiveCfg = Debug|Any CPU
		{FE8E0028-C4BD-47A4-B75D-A6DE816E4A8D}.Debug|Any CPU.Build.0 = Debug|Any CPU
		{FE8E0028-C4BD-47A4-B75D-A6DE816E4A8D}.Release|Any CPU.ActiveCfg = Release|Any CPU
		{FE8E0028-C4BD-47A4-B75D-A6DE816E4A8D}.Release|Any CPU.Build.0 = Release|Any CPU
		{EBA2FE71-E93D-4DEC-84B2-A033F4277F54}.Debug|Any CPU.ActiveCfg = Debug|Any CPU
		{EBA2FE71-E93D-4DEC-84B2-A033F4277F54}.Debug|Any CPU.Build.0 = Debug|Any CPU
		{EBA2FE71-E93D-4DEC-84B2-A033F4277F54}.Release|Any CPU.ActiveCfg = Release|Any CPU
		{EBA2FE71-E93D-4DEC-84B2-A033F4277F54}.Release|Any CPU.Build.0 = Release|Any CPU
		{A1459A24-02DB-42C5-B1D9-6D012CD43997}.Debug|Any CPU.ActiveCfg = Debug|Any CPU
		{A1459A24-02DB-42C5-B1D9-6D012CD43997}.Debug|Any CPU.Build.0 = Debug|Any CPU
		{A1459A24-02DB-42C5-B1D9-6D012CD43997}.Release|Any CPU.ActiveCfg = Release|Any CPU
		{A1459A24-02DB-42C5-B1D9-6D012CD43997}.Release|Any CPU.Build.0 = Release|Any CPU
		{72E9FB55-AB39-4B87-A79E-A309A65A9E41}.Debug|Any CPU.ActiveCfg = Debug|Any CPU
		{72E9FB55-AB39-4B87-A79E-A309A65A9E41}.Debug|Any CPU.Build.0 = Debug|Any CPU
		{72E9FB55-AB39-4B87-A79E-A309A65A9E41}.Release|Any CPU.ActiveCfg = Release|Any CPU
		{72E9FB55-AB39-4B87-A79E-A309A65A9E41}.Release|Any CPU.Build.0 = Release|Any CPU
		{F4E67392-DFBB-4DC7-A58B-1EAD64FC92C8}.Debug|Any CPU.ActiveCfg = Debug|Any CPU
		{F4E67392-DFBB-4DC7-A58B-1EAD64FC92C8}.Debug|Any CPU.Build.0 = Debug|Any CPU
		{F4E67392-DFBB-4DC7-A58B-1EAD64FC92C8}.Release|Any CPU.ActiveCfg = Release|Any CPU
		{F4E67392-DFBB-4DC7-A58B-1EAD64FC92C8}.Release|Any CPU.Build.0 = Release|Any CPU
		{D6B6D383-069B-4C75-9BF2-A93B7F71C002}.Debug|Any CPU.ActiveCfg = Debug|Any CPU
		{D6B6D383-069B-4C75-9BF2-A93B7F71C002}.Debug|Any CPU.Build.0 = Debug|Any CPU
		{D6B6D383-069B-4C75-9BF2-A93B7F71C002}.Release|Any CPU.ActiveCfg = Release|Any CPU
		{D6B6D383-069B-4C75-9BF2-A93B7F71C002}.Release|Any CPU.Build.0 = Release|Any CPU
		{A675A8EA-AA96-4E76-800A-BBB3B9C4250F}.Debug|Any CPU.ActiveCfg = Debug|Any CPU
		{A675A8EA-AA96-4E76-800A-BBB3B9C4250F}.Release|Any CPU.ActiveCfg = Release|Any CPU
		{A675A8EA-AA96-4E76-800A-BBB3B9C4250F}.Release|Any CPU.Build.0 = Release|Any CPU
	EndGlobalSection
	GlobalSection(SolutionProperties) = preSolution
		HideSolutionNode = FALSE
	EndGlobalSection
	GlobalSection(ExtensibilityGlobals) = postSolution
		SolutionGuid = {940866FA-D587-4271-8AB1-33D11BCED258}
	EndGlobalSection
EndGlobal
