
Microsoft Visual Studio Solution File, Format Version 12.00
# Visual Studio Version 16
VisualStudioVersion = 16.0.30523.141
MinimumVisualStudioVersion = 10.0.40219.1
Project("{9A19103F-16F7-4668-BE54-9A1E7A4F7556}") = "Velvetech.Domain", "Domain\Velvetech.Domain.csproj", "{FE8E0028-C4BD-47A4-B75D-A6DE816E4A8D}"
EndProject
Project("{9A19103F-16F7-4668-BE54-9A1E7A4F7556}") = "Velvetech.Data", "Data\Velvetech.Data.csproj", "{EBA2FE71-E93D-4DEC-84B2-A033F4277F54}"
EndProject
Project("{9A19103F-16F7-4668-BE54-9A1E7A4F7556}") = "Velvetech.Presentation.Shared", "Presentation\Shared\Velvetech.Presentation.Shared.csproj", "{63B420A6-B86F-43C1-B6D4-5C494ACB3194}"
EndProject
Project("{9A19103F-16F7-4668-BE54-9A1E7A4F7556}") = "Velvetech.Presentation.Server", "Presentation\Server\Velvetech.Presentation.Server.csproj", "{FE289CB8-DF63-4403-8517-5DD2F2D51481}"
EndProject
Project("{9A19103F-16F7-4668-BE54-9A1E7A4F7556}") = "Velvetech.Presentation.Client", "Presentation\Client\Velvetech.Presentation.Client.csproj", "{BFDDA4EE-7CF9-4209-B93E-848D6F75AEED}"
EndProject
Project("{9A19103F-16F7-4668-BE54-9A1E7A4F7556}") = "Velvetech.UnitTests", "UnitTests\Velvetech.UnitTests.csproj", "{A1459A24-02DB-42C5-B1D9-6D012CD43997}"
EndProject
Project("{FAE04EC0-301F-11D3-BF4B-00C04F79EFBC}") = "Velvetech.Api", "Api\Velvetech.Api.csproj", "{72E9FB55-AB39-4B87-A79E-A309A65A9E41}"
EndProject
Global
	GlobalSection(SolutionConfigurationPlatforms) = preSolution
		Debug|Any CPU = Debug|Any CPU
		Release|Any CPU = Release|Any CPU
	EndGlobalSection
	GlobalSection(ProjectConfigurationPlatforms) = postSolution
		{FE8E0028-C4BD-47A4-B75D-A6DE816E4A8D}.Debug|Any CPU.ActiveCfg = Debug|Any CPU
		{FE8E0028-C4BD-47A4-B75D-A6DE816E4A8D}.Debug|Any CPU.Build.0 = Debug|Any CPU
		{FE8E0028-C4BD-47A4-B75D-A6DE816E4A8D}.Release|Any CPU.ActiveCfg = Release|Any CPU
		{FE8E0028-C4BD-47A4-B75D-A6DE816E4A8D}.Release|Any CPU.Build.0 = Release|Any CPU
		{EBA2FE71-E93D-4DEC-84B2-A033F4277F54}.Debug|Any CPU.ActiveCfg = Debug|Any CPU
		{EBA2FE71-E93D-4DEC-84B2-A033F4277F54}.Debug|Any CPU.Build.0 = Debug|Any CPU
		{EBA2FE71-E93D-4DEC-84B2-A033F4277F54}.Release|Any CPU.ActiveCfg = Release|Any CPU
		{EBA2FE71-E93D-4DEC-84B2-A033F4277F54}.Release|Any CPU.Build.0 = Release|Any CPU
		{63B420A6-B86F-43C1-B6D4-5C494ACB3194}.Debug|Any CPU.ActiveCfg = Debug|Any CPU
		{63B420A6-B86F-43C1-B6D4-5C494ACB3194}.Debug|Any CPU.Build.0 = Debug|Any CPU
		{63B420A6-B86F-43C1-B6D4-5C494ACB3194}.Release|Any CPU.ActiveCfg = Release|Any CPU
		{63B420A6-B86F-43C1-B6D4-5C494ACB3194}.Release|Any CPU.Build.0 = Release|Any CPU
		{FE289CB8-DF63-4403-8517-5DD2F2D51481}.Debug|Any CPU.ActiveCfg = Debug|Any CPU
		{FE289CB8-DF63-4403-8517-5DD2F2D51481}.Debug|Any CPU.Build.0 = Debug|Any CPU
		{FE289CB8-DF63-4403-8517-5DD2F2D51481}.Release|Any CPU.ActiveCfg = Release|Any CPU
		{FE289CB8-DF63-4403-8517-5DD2F2D51481}.Release|Any CPU.Build.0 = Release|Any CPU
		{BFDDA4EE-7CF9-4209-B93E-848D6F75AEED}.Debug|Any CPU.ActiveCfg = Debug|Any CPU
		{BFDDA4EE-7CF9-4209-B93E-848D6F75AEED}.Debug|Any CPU.Build.0 = Debug|Any CPU
		{BFDDA4EE-7CF9-4209-B93E-848D6F75AEED}.Release|Any CPU.ActiveCfg = Release|Any CPU
		{BFDDA4EE-7CF9-4209-B93E-848D6F75AEED}.Release|Any CPU.Build.0 = Release|Any CPU
		{A1459A24-02DB-42C5-B1D9-6D012CD43997}.Debug|Any CPU.ActiveCfg = Debug|Any CPU
		{A1459A24-02DB-42C5-B1D9-6D012CD43997}.Debug|Any CPU.Build.0 = Debug|Any CPU
		{A1459A24-02DB-42C5-B1D9-6D012CD43997}.Release|Any CPU.ActiveCfg = Release|Any CPU
		{A1459A24-02DB-42C5-B1D9-6D012CD43997}.Release|Any CPU.Build.0 = Release|Any CPU
		{72E9FB55-AB39-4B87-A79E-A309A65A9E41}.Debug|Any CPU.ActiveCfg = Debug|Any CPU
		{72E9FB55-AB39-4B87-A79E-A309A65A9E41}.Debug|Any CPU.Build.0 = Debug|Any CPU
		{72E9FB55-AB39-4B87-A79E-A309A65A9E41}.Release|Any CPU.ActiveCfg = Release|Any CPU
		{72E9FB55-AB39-4B87-A79E-A309A65A9E41}.Release|Any CPU.Build.0 = Release|Any CPU
	EndGlobalSection
	GlobalSection(SolutionProperties) = preSolution
		HideSolutionNode = FALSE
	EndGlobalSection
	GlobalSection(ExtensibilityGlobals) = postSolution
		SolutionGuid = {940866FA-D587-4271-8AB1-33D11BCED258}
	EndGlobalSection
EndGlobal
